
Microsoft Visual Studio Solution File, Format Version 12.00
# Visual Studio Version 17
VisualStudioVersion = 17.1.32414.318
MinimumVisualStudioVersion = 10.0.40219.1
Project("{FAE04EC0-301F-11D3-BF4B-00C04F79EFBC}") = "Academy.Week1", "Academy.Week1\Academy.Week1.csproj", "{2D68AA7F-BF5E-4A00-BA74-35072A48C71D}"
EndProject
Global
	GlobalSection(SolutionConfigurationPlatforms) = preSolution
		Debug|Any CPU = Debug|Any CPU
		Release|Any CPU = Release|Any CPU
	EndGlobalSection
	GlobalSection(ProjectConfigurationPlatforms) = postSolution
		{2D68AA7F-BF5E-4A00-BA74-35072A48C71D}.Debug|Any CPU.ActiveCfg = Debug|Any CPU
		{2D68AA7F-BF5E-4A00-BA74-35072A48C71D}.Debug|Any CPU.Build.0 = Debug|Any CPU
		{2D68AA7F-BF5E-4A00-BA74-35072A48C71D}.Release|Any CPU.ActiveCfg = Release|Any CPU
		{2D68AA7F-BF5E-4A00-BA74-35072A48C71D}.Release|Any CPU.Build.0 = Release|Any CPU
	EndGlobalSection
	GlobalSection(SolutionProperties) = preSolution
		HideSolutionNode = FALSE
	EndGlobalSection
	GlobalSection(ExtensibilityGlobals) = postSolution
		SolutionGuid = {46BCFEEF-4D2F-43DC-9F09-5BCAC78315CD}
	EndGlobalSection
EndGlobal
